
Microsoft Visual Studio Solution File, Format Version 12.00
# Visual Studio Version 17
VisualStudioVersion = 17.10.34928.147
MinimumVisualStudioVersion = 10.0.40219.1
Project("{FAE04EC0-301F-11D3-BF4B-00C04F79EFBC}") = "JewelryMarket", "JewelryMarket\JewelryMarket.csproj", "{A063FAE1-F10D-46AE-9066-2486B1515C2C}"
EndProject
Global
	GlobalSection(SolutionConfigurationPlatforms) = preSolution
		Debug|Any CPU = Debug|Any CPU
		Release|Any CPU = Release|Any CPU
	EndGlobalSection
	GlobalSection(ProjectConfigurationPlatforms) = postSolution
		{A063FAE1-F10D-46AE-9066-2486B1515C2C}.Debug|Any CPU.ActiveCfg = Debug|Any CPU
		{A063FAE1-F10D-46AE-9066-2486B1515C2C}.Debug|Any CPU.Build.0 = Debug|Any CPU
		{A063FAE1-F10D-46AE-9066-2486B1515C2C}.Release|Any CPU.ActiveCfg = Release|Any CPU
		{A063FAE1-F10D-46AE-9066-2486B1515C2C}.Release|Any CPU.Build.0 = Release|Any CPU
	EndGlobalSection
	GlobalSection(SolutionProperties) = preSolution
		HideSolutionNode = FALSE
	EndGlobalSection
	GlobalSection(ExtensibilityGlobals) = postSolution
		SolutionGuid = {3D040E28-4709-47F1-8DED-3EC6E12D97A3}
	EndGlobalSection
EndGlobal
